
Microsoft Visual Studio Solution File, Format Version 12.00
# Visual Studio Version 17
VisualStudioVersion = 17.11.35219.272
MinimumVisualStudioVersion = 10.0.40219.1
Project("{9A19103F-16F7-4668-BE54-9A1E7A4F7556}") = "WPFsnapshot", "WPFsnapshot\WPFsnapshot.csproj", "{25745BD5-AA9C-432D-BE26-C47C0552F029}"
EndProject
Project("{FAE04EC0-301F-11D3-BF4B-00C04F79EFBC}") = "SnapShotHelper", "SnapShotHelper\SnapShotHelper.csproj", "{04C3AD63-02FB-455F-914E-38A7EF2C44D9}"
EndProject
Global
	GlobalSection(SolutionConfigurationPlatforms) = preSolution
		Debug|Any CPU = Debug|Any CPU
		Release|Any CPU = Release|Any CPU
	EndGlobalSection
	GlobalSection(ProjectConfigurationPlatforms) = postSolution
		{25745BD5-AA9C-432D-BE26-C47C0552F029}.Debug|Any CPU.ActiveCfg = Debug|Any CPU
		{25745BD5-AA9C-432D-BE26-C47C0552F029}.Debug|Any CPU.Build.0 = Debug|Any CPU
		{25745BD5-AA9C-432D-BE26-C47C0552F029}.Release|Any CPU.ActiveCfg = Release|Any CPU
		{25745BD5-AA9C-432D-BE26-C47C0552F029}.Release|Any CPU.Build.0 = Release|Any CPU
		{04C3AD63-02FB-455F-914E-38A7EF2C44D9}.Debug|Any CPU.ActiveCfg = Debug|Any CPU
		{04C3AD63-02FB-455F-914E-38A7EF2C44D9}.Debug|Any CPU.Build.0 = Debug|Any CPU
		{04C3AD63-02FB-455F-914E-38A7EF2C44D9}.Release|Any CPU.ActiveCfg = Release|Any CPU
		{04C3AD63-02FB-455F-914E-38A7EF2C44D9}.Release|Any CPU.Build.0 = Release|Any CPU
	EndGlobalSection
	GlobalSection(SolutionProperties) = preSolution
		HideSolutionNode = FALSE
	EndGlobalSection
	GlobalSection(ExtensibilityGlobals) = postSolution
		SolutionGuid = {6D859A61-C867-4F3E-8011-E4F505EF74C5}
	EndGlobalSection
EndGlobal
